// !$*UTF8*$!
{
	archiveVersion = 1;
	classes = {
	};
	objectVersion = 55;
	objects = {

/* Begin PBXBuildFile section */
		0E0DDBA828B5D28400F4F829 /* FileManager+Extension.swift in Sources */ = {isa = PBXBuildFile; fileRef = 0E0DDBA728B5D28400F4F829 /* FileManager+Extension.swift */; };
		0E1E147128B855B100B65CF8 /* UserDiaryRepository.swift in Sources */ = {isa = PBXBuildFile; fileRef = 0E1E147028B855B100B65CF8 /* UserDiaryRepository.swift */; };
		0E1E147428B8617700B65CF8 /* FSCalendar in Frameworks */ = {isa = PBXBuildFile; productRef = 0E1E147328B8617700B65CF8 /* FSCalendar */; };
		0E1E147628BB3A3600B65CF8 /* TabBarController.swift in Sources */ = {isa = PBXBuildFile; fileRef = 0E1E147528BB3A3600B65CF8 /* TabBarController.swift */; };
		0E1E147828BB503000B65CF8 /* SnapDetailViewController.swift in Sources */ = {isa = PBXBuildFile; fileRef = 0E1E147728BB503000B65CF8 /* SnapDetailViewController.swift */; };
		0E1E147A28BB528800B65CF8 /* DetailViewController.swift in Sources */ = {isa = PBXBuildFile; fileRef = 0E1E147928BB528800B65CF8 /* DetailViewController.swift */; };
		0E23257728B6619D00B9592B /* Endpoint.swift in Sources */ = {isa = PBXBuildFile; fileRef = 0E23257628B6619D00B9592B /* Endpoint.swift */; };
		0E23257928B661BD00B9592B /* UnsplashAPIManager.swift in Sources */ = {isa = PBXBuildFile; fileRef = 0E23257828B661BD00B9592B /* UnsplashAPIManager.swift */; };
		0E23257B28B661ED00B9592B /* URL+Extension.swift in Sources */ = {isa = PBXBuildFile; fileRef = 0E23257A28B661ED00B9592B /* URL+Extension.swift */; };
		0E23257E28B667C400B9592B /* .gitignore in Resources */ = {isa = PBXBuildFile; fileRef = 0E23257D28B667C400B9592B /* .gitignore */; };
		0E23258128B6682900B9592B /* APIKey.swift in Sources */ = {isa = PBXBuildFile; fileRef = 0E23258028B6682900B9592B /* APIKey.swift */; };
		0E23258428B66BEC00B9592B /* UnsplashPhotoPicker in Frameworks */ = {isa = PBXBuildFile; productRef = 0E23258328B66BEC00B9592B /* UnsplashPhotoPicker */; };
		0E94D64828B4F32400113A46 /* AppDelegate.swift in Sources */ = {isa = PBXBuildFile; fileRef = 0E94D64728B4F32400113A46 /* AppDelegate.swift */; };
		0E94D64A28B4F32400113A46 /* SceneDelegate.swift in Sources */ = {isa = PBXBuildFile; fileRef = 0E94D64928B4F32400113A46 /* SceneDelegate.swift */; };
		0E94D64C28B4F32400113A46 /* ViewController.swift in Sources */ = {isa = PBXBuildFile; fileRef = 0E94D64B28B4F32400113A46 /* ViewController.swift */; };
		0E94D64F28B4F32400113A46 /* Main.storyboard in Resources */ = {isa = PBXBuildFile; fileRef = 0E94D64D28B4F32400113A46 /* Main.storyboard */; };
		0E94D65128B4F32700113A46 /* Assets.xcassets in Resources */ = {isa = PBXBuildFile; fileRef = 0E94D65028B4F32700113A46 /* Assets.xcassets */; };
		0E94D65428B4F32700113A46 /* LaunchScreen.storyboard in Resources */ = {isa = PBXBuildFile; fileRef = 0E94D65228B4F32700113A46 /* LaunchScreen.storyboard */; };
		0E94D65D28B4F87600113A46 /* Kingfisher in Frameworks */ = {isa = PBXBuildFile; productRef = 0E94D65C28B4F87600113A46 /* Kingfisher */; };
		0E94D66028B4F88500113A46 /* SnapKit in Frameworks */ = {isa = PBXBuildFile; productRef = 0E94D65F28B4F88500113A46 /* SnapKit */; };
		0E94D66328B4F8B700113A46 /* Realm in Frameworks */ = {isa = PBXBuildFile; productRef = 0E94D66228B4F8B700113A46 /* Realm */; };
		0E94D66528B4F8B700113A46 /* RealmSwift in Frameworks */ = {isa = PBXBuildFile; productRef = 0E94D66428B4F8B700113A46 /* RealmSwift */; };
		0E94D67128B4FA3400113A46 /* RealmModel.swift in Sources */ = {isa = PBXBuildFile; fileRef = 0E94D67028B4FA3300113A46 /* RealmModel.swift */; };
		0E94D67328B4FA9700113A46 /* HomeViewController.swift in Sources */ = {isa = PBXBuildFile; fileRef = 0E94D67228B4FA9700113A46 /* HomeViewController.swift */; };
		0E94D67528B4FACF00113A46 /* Transition+Extension.swift in Sources */ = {isa = PBXBuildFile; fileRef = 0E94D67428B4FACF00113A46 /* Transition+Extension.swift */; };
		0E94D67728B4FB0E00113A46 /* Constants.swift in Sources */ = {isa = PBXBuildFile; fileRef = 0E94D67628B4FB0E00113A46 /* Constants.swift */; };
		0E94D67928B4FB2300113A46 /* Color.swift in Sources */ = {isa = PBXBuildFile; fileRef = 0E94D67828B4FB2300113A46 /* Color.swift */; };
		0E94D67B28B4FB5600113A46 /* WriteTextField.swift in Sources */ = {isa = PBXBuildFile; fileRef = 0E94D67A28B4FB5600113A46 /* WriteTextField.swift */; };
		0E94D67D28B4FB7C00113A46 /* DiaryImageView.swift in Sources */ = {isa = PBXBuildFile; fileRef = 0E94D67C28B4FB7C00113A46 /* DiaryImageView.swift */; };
		0E94D67F28B4FBA500113A46 /* ReusableProtocol.swift in Sources */ = {isa = PBXBuildFile; fileRef = 0E94D67E28B4FBA500113A46 /* ReusableProtocol.swift */; };
		0E94D68128B4FBE200113A46 /* BaseViewController.swift in Sources */ = {isa = PBXBuildFile; fileRef = 0E94D68028B4FBE200113A46 /* BaseViewController.swift */; };
		0E94D68328B4FC1400113A46 /* BaseView.swift in Sources */ = {isa = PBXBuildFile; fileRef = 0E94D68228B4FC1400113A46 /* BaseView.swift */; };
		0E94D68528B4FC3600113A46 /* BaseCollectionViewCell.swift in Sources */ = {isa = PBXBuildFile; fileRef = 0E94D68428B4FC3600113A46 /* BaseCollectionViewCell.swift */; };
		0E94D68728B4FC5100113A46 /* BaseTableViewCell.swift in Sources */ = {isa = PBXBuildFile; fileRef = 0E94D68628B4FC5100113A46 /* BaseTableViewCell.swift */; };
		0E94D68928B4FCE200113A46 /* WriteViewController.swift in Sources */ = {isa = PBXBuildFile; fileRef = 0E94D68828B4FCE200113A46 /* WriteViewController.swift */; };
		0E94D68B28B4FD3800113A46 /* WriteView.swift in Sources */ = {isa = PBXBuildFile; fileRef = 0E94D68A28B4FD3800113A46 /* WriteView.swift */; };
		0E94D68D28B4FD9600113A46 /* SearchImageViewController.swift in Sources */ = {isa = PBXBuildFile; fileRef = 0E94D68C28B4FD9600113A46 /* SearchImageViewController.swift */; };
		0E94D68F28B4FDBA00113A46 /* ImageSearchView.swift in Sources */ = {isa = PBXBuildFile; fileRef = 0E94D68E28B4FDBA00113A46 /* ImageSearchView.swift */; };
		0E94D69128B4FDE200113A46 /* ImageSearchCollectionViewCell.swift in Sources */ = {isa = PBXBuildFile; fileRef = 0E94D69028B4FDE200113A46 /* ImageSearchCollectionViewCell.swift */; };
		0E94D69328B4FE0500113A46 /* ImageDummyData.swift in Sources */ = {isa = PBXBuildFile; fileRef = 0E94D69228B4FE0500113A46 /* ImageDummyData.swift */; };
		0E94D69528B52F7800113A46 /* HomeTableViewCell.swift in Sources */ = {isa = PBXBuildFile; fileRef = 0E94D69428B52F7700113A46 /* HomeTableViewCell.swift */; };
/* End PBXBuildFile section */

/* Begin PBXFileReference section */
		0E0DDBA728B5D28400F4F829 /* FileManager+Extension.swift */ = {isa = PBXFileReference; lastKnownFileType = sourcecode.swift; path = "FileManager+Extension.swift"; sourceTree = "<group>"; };
		0E1E147028B855B100B65CF8 /* UserDiaryRepository.swift */ = {isa = PBXFileReference; lastKnownFileType = sourcecode.swift; path = UserDiaryRepository.swift; sourceTree = "<group>"; };
		0E1E147528BB3A3600B65CF8 /* TabBarController.swift */ = {isa = PBXFileReference; lastKnownFileType = sourcecode.swift; path = TabBarController.swift; sourceTree = "<group>"; };
		0E1E147728BB503000B65CF8 /* SnapDetailViewController.swift */ = {isa = PBXFileReference; lastKnownFileType = sourcecode.swift; path = SnapDetailViewController.swift; sourceTree = "<group>"; };
		0E1E147928BB528800B65CF8 /* DetailViewController.swift */ = {isa = PBXFileReference; lastKnownFileType = sourcecode.swift; path = DetailViewController.swift; sourceTree = "<group>"; };
		0E23257628B6619D00B9592B /* Endpoint.swift */ = {isa = PBXFileReference; lastKnownFileType = sourcecode.swift; path = Endpoint.swift; sourceTree = "<group>"; };
		0E23257828B661BD00B9592B /* UnsplashAPIManager.swift */ = {isa = PBXFileReference; lastKnownFileType = sourcecode.swift; path = UnsplashAPIManager.swift; sourceTree = "<group>"; };
		0E23257A28B661ED00B9592B /* URL+Extension.swift */ = {isa = PBXFileReference; lastKnownFileType = sourcecode.swift; path = "URL+Extension.swift"; sourceTree = "<group>"; };
		0E23257D28B667C400B9592B /* .gitignore */ = {isa = PBXFileReference; lastKnownFileType = text; path = .gitignore; sourceTree = "<group>"; };
		0E23258028B6682900B9592B /* APIKey.swift */ = {isa = PBXFileReference; lastKnownFileType = sourcecode.swift; path = APIKey.swift; sourceTree = "<group>"; };
		0E94D64428B4F32400113A46 /* PhotoDiaryApp.app */ = {isa = PBXFileReference; explicitFileType = wrapper.application; includeInIndex = 0; path = PhotoDiaryApp.app; sourceTree = BUILT_PRODUCTS_DIR; };
		0E94D64728B4F32400113A46 /* AppDelegate.swift */ = {isa = PBXFileReference; lastKnownFileType = sourcecode.swift; path = AppDelegate.swift; sourceTree = "<group>"; };
		0E94D64928B4F32400113A46 /* SceneDelegate.swift */ = {isa = PBXFileReference; lastKnownFileType = sourcecode.swift; path = SceneDelegate.swift; sourceTree = "<group>"; };
		0E94D64B28B4F32400113A46 /* ViewController.swift */ = {isa = PBXFileReference; lastKnownFileType = sourcecode.swift; path = ViewController.swift; sourceTree = "<group>"; };
		0E94D64E28B4F32400113A46 /* Base */ = {isa = PBXFileReference; lastKnownFileType = file.storyboard; name = Base; path = Base.lproj/Main.storyboard; sourceTree = "<group>"; };
		0E94D65028B4F32700113A46 /* Assets.xcassets */ = {isa = PBXFileReference; lastKnownFileType = folder.assetcatalog; path = Assets.xcassets; sourceTree = "<group>"; };
		0E94D65328B4F32700113A46 /* Base */ = {isa = PBXFileReference; lastKnownFileType = file.storyboard; name = Base; path = Base.lproj/LaunchScreen.storyboard; sourceTree = "<group>"; };
		0E94D65528B4F32700113A46 /* Info.plist */ = {isa = PBXFileReference; lastKnownFileType = text.plist.xml; path = Info.plist; sourceTree = "<group>"; };
		0E94D67028B4FA3300113A46 /* RealmModel.swift */ = {isa = PBXFileReference; lastKnownFileType = sourcecode.swift; path = RealmModel.swift; sourceTree = "<group>"; };
		0E94D67228B4FA9700113A46 /* HomeViewController.swift */ = {isa = PBXFileReference; lastKnownFileType = sourcecode.swift; path = HomeViewController.swift; sourceTree = "<group>"; };
		0E94D67428B4FACF00113A46 /* Transition+Extension.swift */ = {isa = PBXFileReference; lastKnownFileType = sourcecode.swift; path = "Transition+Extension.swift"; sourceTree = "<group>"; };
		0E94D67628B4FB0E00113A46 /* Constants.swift */ = {isa = PBXFileReference; lastKnownFileType = sourcecode.swift; path = Constants.swift; sourceTree = "<group>"; };
		0E94D67828B4FB2300113A46 /* Color.swift */ = {isa = PBXFileReference; lastKnownFileType = sourcecode.swift; path = Color.swift; sourceTree = "<group>"; };
		0E94D67A28B4FB5600113A46 /* WriteTextField.swift */ = {isa = PBXFileReference; lastKnownFileType = sourcecode.swift; path = WriteTextField.swift; sourceTree = "<group>"; };
		0E94D67C28B4FB7C00113A46 /* DiaryImageView.swift */ = {isa = PBXFileReference; lastKnownFileType = sourcecode.swift; path = DiaryImageView.swift; sourceTree = "<group>"; };
		0E94D67E28B4FBA500113A46 /* ReusableProtocol.swift */ = {isa = PBXFileReference; lastKnownFileType = sourcecode.swift; path = ReusableProtocol.swift; sourceTree = "<group>"; };
		0E94D68028B4FBE200113A46 /* BaseViewController.swift */ = {isa = PBXFileReference; lastKnownFileType = sourcecode.swift; path = BaseViewController.swift; sourceTree = "<group>"; };
		0E94D68228B4FC1400113A46 /* BaseView.swift */ = {isa = PBXFileReference; lastKnownFileType = sourcecode.swift; path = BaseView.swift; sourceTree = "<group>"; };
		0E94D68428B4FC3600113A46 /* BaseCollectionViewCell.swift */ = {isa = PBXFileReference; lastKnownFileType = sourcecode.swift; path = BaseCollectionViewCell.swift; sourceTree = "<group>"; };
		0E94D68628B4FC5100113A46 /* BaseTableViewCell.swift */ = {isa = PBXFileReference; lastKnownFileType = sourcecode.swift; path = BaseTableViewCell.swift; sourceTree = "<group>"; };
		0E94D68828B4FCE200113A46 /* WriteViewController.swift */ = {isa = PBXFileReference; lastKnownFileType = sourcecode.swift; path = WriteViewController.swift; sourceTree = "<group>"; };
		0E94D68A28B4FD3800113A46 /* WriteView.swift */ = {isa = PBXFileReference; lastKnownFileType = sourcecode.swift; path = WriteView.swift; sourceTree = "<group>"; };
		0E94D68C28B4FD9600113A46 /* SearchImageViewController.swift */ = {isa = PBXFileReference; lastKnownFileType = sourcecode.swift; path = SearchImageViewController.swift; sourceTree = "<group>"; };
		0E94D68E28B4FDBA00113A46 /* ImageSearchView.swift */ = {isa = PBXFileReference; lastKnownFileType = sourcecode.swift; path = ImageSearchView.swift; sourceTree = "<group>"; };
		0E94D69028B4FDE200113A46 /* ImageSearchCollectionViewCell.swift */ = {isa = PBXFileReference; lastKnownFileType = sourcecode.swift; path = ImageSearchCollectionViewCell.swift; sourceTree = "<group>"; };
		0E94D69228B4FE0500113A46 /* ImageDummyData.swift */ = {isa = PBXFileReference; lastKnownFileType = sourcecode.swift; path = ImageDummyData.swift; sourceTree = "<group>"; };
		0E94D69428B52F7700113A46 /* HomeTableViewCell.swift */ = {isa = PBXFileReference; lastKnownFileType = sourcecode.swift; path = HomeTableViewCell.swift; sourceTree = "<group>"; };
/* End PBXFileReference section */

/* Begin PBXFrameworksBuildPhase section */
		0E94D64128B4F32400113A46 /* Frameworks */ = {
			isa = PBXFrameworksBuildPhase;
			buildActionMask = 2147483647;
			files = (
				0E94D66528B4F8B700113A46 /* RealmSwift in Frameworks */,
				0E1E147428B8617700B65CF8 /* FSCalendar in Frameworks */,
				0E94D66328B4F8B700113A46 /* Realm in Frameworks */,
				0E94D65D28B4F87600113A46 /* Kingfisher in Frameworks */,
				0E23258428B66BEC00B9592B /* UnsplashPhotoPicker in Frameworks */,
				0E94D66028B4F88500113A46 /* SnapKit in Frameworks */,
			);
			runOnlyForDeploymentPostprocessing = 0;
		};
/* End PBXFrameworksBuildPhase section */

/* Begin PBXGroup section */
		0E23257528B65CC200B9592B /* Network */ = {
			isa = PBXGroup;
			children = (
				0E23257628B6619D00B9592B /* Endpoint.swift */,
				0E23257828B661BD00B9592B /* UnsplashAPIManager.swift */,
			);
			path = Network;
			sourceTree = "<group>";
		};
		0E23257F28B6680E00B9592B /* Key */ = {
			isa = PBXGroup;
			children = (
				0E23258028B6682900B9592B /* APIKey.swift */,
			);
			path = Key;
			sourceTree = "<group>";
		};
		0E94D63B28B4F32400113A46 = {
			isa = PBXGroup;
			children = (
				0E23257D28B667C400B9592B /* .gitignore */,
				0E94D64628B4F32400113A46 /* PhotoDiaryApp */,
				0E94D64528B4F32400113A46 /* Products */,
			);
			sourceTree = "<group>";
		};
		0E94D64528B4F32400113A46 /* Products */ = {
			isa = PBXGroup;
			children = (
				0E94D64428B4F32400113A46 /* PhotoDiaryApp.app */,
			);
			name = Products;
			sourceTree = "<group>";
		};
		0E94D64628B4F32400113A46 /* PhotoDiaryApp */ = {
			isa = PBXGroup;
			children = (
				0E23257F28B6680E00B9592B /* Key */,
				0E23257528B65CC200B9592B /* Network */,
				0E94D66628B4F8F500113A46 /* Extension */,
				0E94D66E28B4F9AC00113A46 /* Realm */,
				0E94D66B28B4F98900113A46 /* Scene */,
				0E94D66728B4F91B00113A46 /* Utility */,
				0E94D64728B4F32400113A46 /* AppDelegate.swift */,
				0E94D64928B4F32400113A46 /* SceneDelegate.swift */,
				0E94D64B28B4F32400113A46 /* ViewController.swift */,
				0E1E147528BB3A3600B65CF8 /* TabBarController.swift */,
				0E94D64D28B4F32400113A46 /* Main.storyboard */,
				0E94D65028B4F32700113A46 /* Assets.xcassets */,
				0E94D65228B4F32700113A46 /* LaunchScreen.storyboard */,
				0E94D65528B4F32700113A46 /* Info.plist */,
			);
			path = PhotoDiaryApp;
			sourceTree = "<group>";
		};
		0E94D66628B4F8F500113A46 /* Extension */ = {
			isa = PBXGroup;
			children = (
				0E94D67428B4FACF00113A46 /* Transition+Extension.swift */,
				0E0DDBA728B5D28400F4F829 /* FileManager+Extension.swift */,
				0E23257A28B661ED00B9592B /* URL+Extension.swift */,
			);
			path = Extension;
			sourceTree = "<group>";
		};
		0E94D66728B4F91B00113A46 /* Utility */ = {
			isa = PBXGroup;
			children = (
				0E94D66A28B4F93800113A46 /* Constants */,
				0E94D66928B4F93000113A46 /* CustomView */,
				0E94D66828B4F92600113A46 /* BaseView */,
				0E94D67E28B4FBA500113A46 /* ReusableProtocol.swift */,
			);
			path = Utility;
			sourceTree = "<group>";
		};
		0E94D66828B4F92600113A46 /* BaseView */ = {
			isa = PBXGroup;
			children = (
				0E94D68028B4FBE200113A46 /* BaseViewController.swift */,
				0E94D68228B4FC1400113A46 /* BaseView.swift */,
				0E94D68428B4FC3600113A46 /* BaseCollectionViewCell.swift */,
				0E94D68628B4FC5100113A46 /* BaseTableViewCell.swift */,
			);
			path = BaseView;
			sourceTree = "<group>";
		};
		0E94D66928B4F93000113A46 /* CustomView */ = {
			isa = PBXGroup;
			children = (
				0E94D67A28B4FB5600113A46 /* WriteTextField.swift */,
				0E94D67C28B4FB7C00113A46 /* DiaryImageView.swift */,
			);
			path = CustomView;
			sourceTree = "<group>";
		};
		0E94D66A28B4F93800113A46 /* Constants */ = {
			isa = PBXGroup;
			children = (
				0E94D67628B4FB0E00113A46 /* Constants.swift */,
				0E94D67828B4FB2300113A46 /* Color.swift */,
			);
			path = Constants;
			sourceTree = "<group>";
		};
		0E94D66B28B4F98900113A46 /* Scene */ = {
			isa = PBXGroup;
			children = (
				0E1E147728BB503000B65CF8 /* SnapDetailViewController.swift */,
				0E1E147928BB528800B65CF8 /* DetailViewController.swift */,
				0E94D66F28B4F9B300113A46 /* Home */,
				0E94D66C28B4F99200113A46 /* Write */,
				0E94D66D28B4F9A100113A46 /* ImageSearch */,
			);
			path = Scene;
			sourceTree = "<group>";
		};
		0E94D66C28B4F99200113A46 /* Write */ = {
			isa = PBXGroup;
			children = (
				0E94D68828B4FCE200113A46 /* WriteViewController.swift */,
				0E94D68A28B4FD3800113A46 /* WriteView.swift */,
			);
			path = Write;
			sourceTree = "<group>";
		};
		0E94D66D28B4F9A100113A46 /* ImageSearch */ = {
			isa = PBXGroup;
			children = (
				0E94D68C28B4FD9600113A46 /* SearchImageViewController.swift */,
				0E94D68E28B4FDBA00113A46 /* ImageSearchView.swift */,
				0E94D69028B4FDE200113A46 /* ImageSearchCollectionViewCell.swift */,
				0E94D69228B4FE0500113A46 /* ImageDummyData.swift */,
			);
			path = ImageSearch;
			sourceTree = "<group>";
		};
		0E94D66E28B4F9AC00113A46 /* Realm */ = {
			isa = PBXGroup;
			children = (
				0E94D67028B4FA3300113A46 /* RealmModel.swift */,
				0E1E147028B855B100B65CF8 /* UserDiaryRepository.swift */,
			);
			path = Realm;
			sourceTree = "<group>";
		};
		0E94D66F28B4F9B300113A46 /* Home */ = {
			isa = PBXGroup;
			children = (
				0E94D67228B4FA9700113A46 /* HomeViewController.swift */,
				0E94D69428B52F7700113A46 /* HomeTableViewCell.swift */,
			);
			path = Home;
			sourceTree = "<group>";
		};
/* End PBXGroup section */

/* Begin PBXNativeTarget section */
		0E94D64328B4F32400113A46 /* PhotoDiaryApp */ = {
			isa = PBXNativeTarget;
			buildConfigurationList = 0E94D65828B4F32700113A46 /* Build configuration list for PBXNativeTarget "PhotoDiaryApp" */;
			buildPhases = (
				0E94D64028B4F32400113A46 /* Sources */,
				0E94D64128B4F32400113A46 /* Frameworks */,
				0E94D64228B4F32400113A46 /* Resources */,
			);
			buildRules = (
			);
			dependencies = (
			);
			name = PhotoDiaryApp;
			packageProductDependencies = (
				0E94D65C28B4F87600113A46 /* Kingfisher */,
				0E94D65F28B4F88500113A46 /* SnapKit */,
				0E94D66228B4F8B700113A46 /* Realm */,
				0E94D66428B4F8B700113A46 /* RealmSwift */,
				0E23258328B66BEC00B9592B /* UnsplashPhotoPicker */,
				0E1E147328B8617700B65CF8 /* FSCalendar */,
			);
			productName = PhotoDiaryApp;
			productReference = 0E94D64428B4F32400113A46 /* PhotoDiaryApp.app */;
			productType = "com.apple.product-type.application";
		};
/* End PBXNativeTarget section */

/* Begin PBXProject section */
		0E94D63C28B4F32400113A46 /* Project object */ = {
			isa = PBXProject;
			attributes = {
				BuildIndependentTargetsInParallel = 1;
				LastSwiftUpdateCheck = 1340;
				LastUpgradeCheck = 1340;
				TargetAttributes = {
					0E94D64328B4F32400113A46 = {
						CreatedOnToolsVersion = 13.4.1;
					};
				};
			};
			buildConfigurationList = 0E94D63F28B4F32400113A46 /* Build configuration list for PBXProject "PhotoDiaryApp" */;
			compatibilityVersion = "Xcode 13.0";
			developmentRegion = en;
			hasScannedForEncodings = 0;
			knownRegions = (
				en,
				Base,
			);
			mainGroup = 0E94D63B28B4F32400113A46;
			packageReferences = (
				0E94D65B28B4F87600113A46 /* XCRemoteSwiftPackageReference "Kingfisher" */,
				0E94D65E28B4F88500113A46 /* XCRemoteSwiftPackageReference "SnapKit" */,
				0E94D66128B4F8B700113A46 /* XCRemoteSwiftPackageReference "realm-swift" */,
				0E23258228B66BEB00B9592B /* XCRemoteSwiftPackageReference "unsplash-photopicker-ios" */,
				0E1E147228B8617700B65CF8 /* XCRemoteSwiftPackageReference "FSCalendar" */,
			);
			productRefGroup = 0E94D64528B4F32400113A46 /* Products */;
			projectDirPath = "";
			projectRoot = "";
			targets = (
				0E94D64328B4F32400113A46 /* PhotoDiaryApp */,
			);
		};
/* End PBXProject section */

/* Begin PBXResourcesBuildPhase section */
		0E94D64228B4F32400113A46 /* Resources */ = {
			isa = PBXResourcesBuildPhase;
			buildActionMask = 2147483647;
			files = (
				0E23257E28B667C400B9592B /* .gitignore in Resources */,
				0E94D65428B4F32700113A46 /* LaunchScreen.storyboard in Resources */,
				0E94D65128B4F32700113A46 /* Assets.xcassets in Resources */,
				0E94D64F28B4F32400113A46 /* Main.storyboard in Resources */,
			);
			runOnlyForDeploymentPostprocessing = 0;
		};
/* End PBXResourcesBuildPhase section */

/* Begin PBXSourcesBuildPhase section */
		0E94D64028B4F32400113A46 /* Sources */ = {
			isa = PBXSourcesBuildPhase;
			buildActionMask = 2147483647;
			files = (
				0E94D67528B4FACF00113A46 /* Transition+Extension.swift in Sources */,
				0E94D68528B4FC3600113A46 /* BaseCollectionViewCell.swift in Sources */,
				0E94D68328B4FC1400113A46 /* BaseView.swift in Sources */,
				0E1E147828BB503000B65CF8 /* SnapDetailViewController.swift in Sources */,
				0E94D67B28B4FB5600113A46 /* WriteTextField.swift in Sources */,
				0E94D67D28B4FB7C00113A46 /* DiaryImageView.swift in Sources */,
				0E23257928B661BD00B9592B /* UnsplashAPIManager.swift in Sources */,
				0E94D67328B4FA9700113A46 /* HomeViewController.swift in Sources */,
				0E23258128B6682900B9592B /* APIKey.swift in Sources */,
				0E94D64C28B4F32400113A46 /* ViewController.swift in Sources */,
				0E94D68128B4FBE200113A46 /* BaseViewController.swift in Sources */,
				0E94D69328B4FE0500113A46 /* ImageDummyData.swift in Sources */,
				0E94D68F28B4FDBA00113A46 /* ImageSearchView.swift in Sources */,
				0E1E147128B855B100B65CF8 /* UserDiaryRepository.swift in Sources */,
				0E23257728B6619D00B9592B /* Endpoint.swift in Sources */,
				0E94D67128B4FA3400113A46 /* RealmModel.swift in Sources */,
				0E94D67F28B4FBA500113A46 /* ReusableProtocol.swift in Sources */,
				0E94D68D28B4FD9600113A46 /* SearchImageViewController.swift in Sources */,
				0E94D67728B4FB0E00113A46 /* Constants.swift in Sources */,
				0E1E147A28BB528800B65CF8 /* DetailViewController.swift in Sources */,
				0E94D67928B4FB2300113A46 /* Color.swift in Sources */,
				0E94D64828B4F32400113A46 /* AppDelegate.swift in Sources */,
				0E0DDBA828B5D28400F4F829 /* FileManager+Extension.swift in Sources */,
				0E94D69528B52F7800113A46 /* HomeTableViewCell.swift in Sources */,
				0E94D68728B4FC5100113A46 /* BaseTableViewCell.swift in Sources */,
				0E1E147628BB3A3600B65CF8 /* TabBarController.swift in Sources */,
				0E23257B28B661ED00B9592B /* URL+Extension.swift in Sources */,
				0E94D68928B4FCE200113A46 /* WriteViewController.swift in Sources */,
				0E94D64A28B4F32400113A46 /* SceneDelegate.swift in Sources */,
				0E94D69128B4FDE200113A46 /* ImageSearchCollectionViewCell.swift in Sources */,
				0E94D68B28B4FD3800113A46 /* WriteView.swift in Sources */,
			);
			runOnlyForDeploymentPostprocessing = 0;
		};
/* End PBXSourcesBuildPhase section */

/* Begin PBXVariantGroup section */
		0E94D64D28B4F32400113A46 /* Main.storyboard */ = {
			isa = PBXVariantGroup;
			children = (
				0E94D64E28B4F32400113A46 /* Base */,
			);
			name = Main.storyboard;
			sourceTree = "<group>";
		};
		0E94D65228B4F32700113A46 /* LaunchScreen.storyboard */ = {
			isa = PBXVariantGroup;
			children = (
				0E94D65328B4F32700113A46 /* Base */,
			);
			name = LaunchScreen.storyboard;
			sourceTree = "<group>";
		};
/* End PBXVariantGroup section */

/* Begin XCBuildConfiguration section */
		0E94D65628B4F32700113A46 /* Debug */ = {
			isa = XCBuildConfiguration;
			buildSettings = {
				ALWAYS_SEARCH_USER_PATHS = NO;
				CLANG_ANALYZER_NONNULL = YES;
				CLANG_ANALYZER_NUMBER_OBJECT_CONVERSION = YES_AGGRESSIVE;
				CLANG_CXX_LANGUAGE_STANDARD = "gnu++17";
				CLANG_ENABLE_MODULES = YES;
				CLANG_ENABLE_OBJC_ARC = YES;
				CLANG_ENABLE_OBJC_WEAK = YES;
				CLANG_WARN_BLOCK_CAPTURE_AUTORELEASING = YES;
				CLANG_WARN_BOOL_CONVERSION = YES;
				CLANG_WARN_COMMA = YES;
				CLANG_WARN_CONSTANT_CONVERSION = YES;
				CLANG_WARN_DEPRECATED_OBJC_IMPLEMENTATIONS = YES;
				CLANG_WARN_DIRECT_OBJC_ISA_USAGE = YES_ERROR;
				CLANG_WARN_DOCUMENTATION_COMMENTS = YES;
				CLANG_WARN_EMPTY_BODY = YES;
				CLANG_WARN_ENUM_CONVERSION = YES;
				CLANG_WARN_INFINITE_RECURSION = YES;
				CLANG_WARN_INT_CONVERSION = YES;
				CLANG_WARN_NON_LITERAL_NULL_CONVERSION = YES;
				CLANG_WARN_OBJC_IMPLICIT_RETAIN_SELF = YES;
				CLANG_WARN_OBJC_LITERAL_CONVERSION = YES;
				CLANG_WARN_OBJC_ROOT_CLASS = YES_ERROR;
				CLANG_WARN_QUOTED_INCLUDE_IN_FRAMEWORK_HEADER = YES;
				CLANG_WARN_RANGE_LOOP_ANALYSIS = YES;
				CLANG_WARN_STRICT_PROTOTYPES = YES;
				CLANG_WARN_SUSPICIOUS_MOVE = YES;
				CLANG_WARN_UNGUARDED_AVAILABILITY = YES_AGGRESSIVE;
				CLANG_WARN_UNREACHABLE_CODE = YES;
				CLANG_WARN__DUPLICATE_METHOD_MATCH = YES;
				COPY_PHASE_STRIP = NO;
				DEBUG_INFORMATION_FORMAT = dwarf;
				ENABLE_STRICT_OBJC_MSGSEND = YES;
				ENABLE_TESTABILITY = YES;
				GCC_C_LANGUAGE_STANDARD = gnu11;
				GCC_DYNAMIC_NO_PIC = NO;
				GCC_NO_COMMON_BLOCKS = YES;
				GCC_OPTIMIZATION_LEVEL = 0;
				GCC_PREPROCESSOR_DEFINITIONS = (
					"DEBUG=1",
					"$(inherited)",
				);
				GCC_WARN_64_TO_32_BIT_CONVERSION = YES;
				GCC_WARN_ABOUT_RETURN_TYPE = YES_ERROR;
				GCC_WARN_UNDECLARED_SELECTOR = YES;
				GCC_WARN_UNINITIALIZED_AUTOS = YES_AGGRESSIVE;
				GCC_WARN_UNUSED_FUNCTION = YES;
				GCC_WARN_UNUSED_VARIABLE = YES;
				IPHONEOS_DEPLOYMENT_TARGET = 15.5;
				MTL_ENABLE_DEBUG_INFO = INCLUDE_SOURCE;
				MTL_FAST_MATH = YES;
				ONLY_ACTIVE_ARCH = YES;
				SDKROOT = iphoneos;
				SWIFT_ACTIVE_COMPILATION_CONDITIONS = DEBUG;
				SWIFT_OPTIMIZATION_LEVEL = "-Onone";
			};
			name = Debug;
		};
		0E94D65728B4F32700113A46 /* Release */ = {
			isa = XCBuildConfiguration;
			buildSettings = {
				ALWAYS_SEARCH_USER_PATHS = NO;
				CLANG_ANALYZER_NONNULL = YES;
				CLANG_ANALYZER_NUMBER_OBJECT_CONVERSION = YES_AGGRESSIVE;
				CLANG_CXX_LANGUAGE_STANDARD = "gnu++17";
				CLANG_ENABLE_MODULES = YES;
				CLANG_ENABLE_OBJC_ARC = YES;
				CLANG_ENABLE_OBJC_WEAK = YES;
				CLANG_WARN_BLOCK_CAPTURE_AUTORELEASING = YES;
				CLANG_WARN_BOOL_CONVERSION = YES;
				CLANG_WARN_COMMA = YES;
				CLANG_WARN_CONSTANT_CONVERSION = YES;
				CLANG_WARN_DEPRECATED_OBJC_IMPLEMENTATIONS = YES;
				CLANG_WARN_DIRECT_OBJC_ISA_USAGE = YES_ERROR;
				CLANG_WARN_DOCUMENTATION_COMMENTS = YES;
				CLANG_WARN_EMPTY_BODY = YES;
				CLANG_WARN_ENUM_CONVERSION = YES;
				CLANG_WARN_INFINITE_RECURSION = YES;
				CLANG_WARN_INT_CONVERSION = YES;
				CLANG_WARN_NON_LITERAL_NULL_CONVERSION = YES;
				CLANG_WARN_OBJC_IMPLICIT_RETAIN_SELF = YES;
				CLANG_WARN_OBJC_LITERAL_CONVERSION = YES;
				CLANG_WARN_OBJC_ROOT_CLASS = YES_ERROR;
				CLANG_WARN_QUOTED_INCLUDE_IN_FRAMEWORK_HEADER = YES;
				CLANG_WARN_RANGE_LOOP_ANALYSIS = YES;
				CLANG_WARN_STRICT_PROTOTYPES = YES;
				CLANG_WARN_SUSPICIOUS_MOVE = YES;
				CLANG_WARN_UNGUARDED_AVAILABILITY = YES_AGGRESSIVE;
				CLANG_WARN_UNREACHABLE_CODE = YES;
				CLANG_WARN__DUPLICATE_METHOD_MATCH = YES;
				COPY_PHASE_STRIP = NO;
				DEBUG_INFORMATION_FORMAT = "dwarf-with-dsym";
				ENABLE_NS_ASSERTIONS = NO;
				ENABLE_STRICT_OBJC_MSGSEND = YES;
				GCC_C_LANGUAGE_STANDARD = gnu11;
				GCC_NO_COMMON_BLOCKS = YES;
				GCC_WARN_64_TO_32_BIT_CONVERSION = YES;
				GCC_WARN_ABOUT_RETURN_TYPE = YES_ERROR;
				GCC_WARN_UNDECLARED_SELECTOR = YES;
				GCC_WARN_UNINITIALIZED_AUTOS = YES_AGGRESSIVE;
				GCC_WARN_UNUSED_FUNCTION = YES;
				GCC_WARN_UNUSED_VARIABLE = YES;
				IPHONEOS_DEPLOYMENT_TARGET = 15.5;
				MTL_ENABLE_DEBUG_INFO = NO;
				MTL_FAST_MATH = YES;
				SDKROOT = iphoneos;
				SWIFT_COMPILATION_MODE = wholemodule;
				SWIFT_OPTIMIZATION_LEVEL = "-O";
				VALIDATE_PRODUCT = YES;
			};
			name = Release;
		};
		0E94D65928B4F32700113A46 /* Debug */ = {
			isa = XCBuildConfiguration;
			buildSettings = {
				ASSETCATALOG_COMPILER_APPICON_NAME = AppIcon;
				ASSETCATALOG_COMPILER_GLOBAL_ACCENT_COLOR_NAME = AccentColor;
				CODE_SIGN_STYLE = Automatic;
				CURRENT_PROJECT_VERSION = 1;
				DEVELOPMENT_TEAM = U8U4L6FXAF;
				GENERATE_INFOPLIST_FILE = YES;
				INFOPLIST_FILE = PhotoDiaryApp/Info.plist;
				INFOPLIST_KEY_UIApplicationSupportsIndirectInputEvents = YES;
				INFOPLIST_KEY_UILaunchStoryboardName = LaunchScreen;
				INFOPLIST_KEY_UIMainStoryboardFile = Main;
				INFOPLIST_KEY_UISupportedInterfaceOrientations_iPad = "UIInterfaceOrientationPortrait UIInterfaceOrientationPortraitUpsideDown UIInterfaceOrientationLandscapeLeft UIInterfaceOrientationLandscapeRight";
				INFOPLIST_KEY_UISupportedInterfaceOrientations_iPhone = "UIInterfaceOrientationPortrait UIInterfaceOrientationLandscapeLeft UIInterfaceOrientationLandscapeRight";
				LD_RUNPATH_SEARCH_PATHS = (
					"$(inherited)",
					"@executable_path/Frameworks",
				);
				MARKETING_VERSION = 1.0;
				PRODUCT_BUNDLE_IDENTIFIER = net.monica.PhotoDiaryApp;
				PRODUCT_NAME = "$(TARGET_NAME)";
				SWIFT_EMIT_LOC_STRINGS = YES;
				SWIFT_VERSION = 5.0;
				TARGETED_DEVICE_FAMILY = 1;
			};
			name = Debug;
		};
		0E94D65A28B4F32700113A46 /* Release */ = {
			isa = XCBuildConfiguration;
			buildSettings = {
				ASSETCATALOG_COMPILER_APPICON_NAME = AppIcon;
				ASSETCATALOG_COMPILER_GLOBAL_ACCENT_COLOR_NAME = AccentColor;
				CODE_SIGN_STYLE = Automatic;
				CURRENT_PROJECT_VERSION = 1;
				DEVELOPMENT_TEAM = U8U4L6FXAF;
				GENERATE_INFOPLIST_FILE = YES;
				INFOPLIST_FILE = PhotoDiaryApp/Info.plist;
				INFOPLIST_KEY_UIApplicationSupportsIndirectInputEvents = YES;
				INFOPLIST_KEY_UILaunchStoryboardName = LaunchScreen;
				INFOPLIST_KEY_UIMainStoryboardFile = Main;
				INFOPLIST_KEY_UISupportedInterfaceOrientations_iPad = "UIInterfaceOrientationPortrait UIInterfaceOrientationPortraitUpsideDown UIInterfaceOrientationLandscapeLeft UIInterfaceOrientationLandscapeRight";
				INFOPLIST_KEY_UISupportedInterfaceOrientations_iPhone = "UIInterfaceOrientationPortrait UIInterfaceOrientationLandscapeLeft UIInterfaceOrientationLandscapeRight";
				LD_RUNPATH_SEARCH_PATHS = (
					"$(inherited)",
					"@executable_path/Frameworks",
				);
				MARKETING_VERSION = 1.0;
				PRODUCT_BUNDLE_IDENTIFIER = net.monica.PhotoDiaryApp;
				PRODUCT_NAME = "$(TARGET_NAME)";
				SWIFT_EMIT_LOC_STRINGS = YES;
				SWIFT_VERSION = 5.0;
				TARGETED_DEVICE_FAMILY = 1;
			};
			name = Release;
		};
/* End XCBuildConfiguration section */

/* Begin XCConfigurationList section */
		0E94D63F28B4F32400113A46 /* Build configuration list for PBXProject "PhotoDiaryApp" */ = {
			isa = XCConfigurationList;
			buildConfigurations = (
				0E94D65628B4F32700113A46 /* Debug */,
				0E94D65728B4F32700113A46 /* Release */,
			);
			defaultConfigurationIsVisible = 0;
			defaultConfigurationName = Release;
		};
		0E94D65828B4F32700113A46 /* Build configuration list for PBXNativeTarget "PhotoDiaryApp" */ = {
			isa = XCConfigurationList;
			buildConfigurations = (
				0E94D65928B4F32700113A46 /* Debug */,
				0E94D65A28B4F32700113A46 /* Release */,
			);
			defaultConfigurationIsVisible = 0;
			defaultConfigurationName = Release;
		};
/* End XCConfigurationList section */

/* Begin XCRemoteSwiftPackageReference section */
		0E1E147228B8617700B65CF8 /* XCRemoteSwiftPackageReference "FSCalendar" */ = {
			isa = XCRemoteSwiftPackageReference;
			repositoryURL = "https://github.com/WenchaoD/FSCalendar.git";
			requirement = {
				kind = upToNextMajorVersion;
				minimumVersion = 2.0.0;
			};
		};
		0E23258228B66BEB00B9592B /* XCRemoteSwiftPackageReference "unsplash-photopicker-ios" */ = {
			isa = XCRemoteSwiftPackageReference;
			repositoryURL = "https://github.com/unsplash/unsplash-photopicker-ios.git";
			requirement = {
				kind = upToNextMajorVersion;
				minimumVersion = 1.0.0;
			};
		};
		0E94D65B28B4F87600113A46 /* XCRemoteSwiftPackageReference "Kingfisher" */ = {
			isa = XCRemoteSwiftPackageReference;
			repositoryURL = "https://github.com/onevcat/Kingfisher.git";
			requirement = {
				kind = upToNextMajorVersion;
				minimumVersion = 7.0.0;
			};
		};
		0E94D65E28B4F88500113A46 /* XCRemoteSwiftPackageReference "SnapKit" */ = {
			isa = XCRemoteSwiftPackageReference;
			repositoryURL = "https://github.com/SnapKit/SnapKit.git";
			requirement = {
				kind = upToNextMajorVersion;
				minimumVersion = 5.0.0;
			};
		};
		0E94D66128B4F8B700113A46 /* XCRemoteSwiftPackageReference "realm-swift" */ = {
			isa = XCRemoteSwiftPackageReference;
			repositoryURL = "https://github.com/realm/realm-swift.git";
			requirement = {
				kind = upToNextMajorVersion;
				minimumVersion = 10.0.0;
			};
		};
/* End XCRemoteSwiftPackageReference section */

/* Begin XCSwiftPackageProductDependency section */
		0E1E147328B8617700B65CF8 /* FSCalendar */ = {
			isa = XCSwiftPackageProductDependency;
			package = 0E1E147228B8617700B65CF8 /* XCRemoteSwiftPackageReference "FSCalendar" */;
			productName = FSCalendar;
		};
		0E23258328B66BEC00B9592B /* UnsplashPhotoPicker */ = {
			isa = XCSwiftPackageProductDependency;
			package = 0E23258228B66BEB00B9592B /* XCRemoteSwiftPackageReference "unsplash-photopicker-ios" */;
			productName = UnsplashPhotoPicker;
		};
		0E94D65C28B4F87600113A46 /* Kingfisher */ = {
			isa = XCSwiftPackageProductDependency;
			package = 0E94D65B28B4F87600113A46 /* XCRemoteSwiftPackageReference "Kingfisher" */;
			productName = Kingfisher;
		};
		0E94D65F28B4F88500113A46 /* SnapKit */ = {
			isa = XCSwiftPackageProductDependency;
			package = 0E94D65E28B4F88500113A46 /* XCRemoteSwiftPackageReference "SnapKit" */;
			productName = SnapKit;
		};
		0E94D66228B4F8B700113A46 /* Realm */ = {
			isa = XCSwiftPackageProductDependency;
			package = 0E94D66128B4F8B700113A46 /* XCRemoteSwiftPackageReference "realm-swift" */;
			productName = Realm;
		};
		0E94D66428B4F8B700113A46 /* RealmSwift */ = {
			isa = XCSwiftPackageProductDependency;
			package = 0E94D66128B4F8B700113A46 /* XCRemoteSwiftPackageReference "realm-swift" */;
			productName = RealmSwift;
		};
/* End XCSwiftPackageProductDependency section */
	};
	rootObject = 0E94D63C28B4F32400113A46 /* Project object */;
}
